// !$*UTF8*$!
{
	archiveVersion = 1;
	classes = {
	};
	objectVersion = 46;
	objects = {

/* Begin PBXBuildFile section */
		96EA4B611B86E98F00BF76ED /* main.m in Sources */ = {isa = PBXBuildFile; fileRef = 96EA4B601B86E98F00BF76ED /* main.m */; };
		96EA4B641B86E98F00BF76ED /* AppDelegate.m in Sources */ = {isa = PBXBuildFile; fileRef = 96EA4B631B86E98F00BF76ED /* AppDelegate.m */; };
		96EA4B671B86E98F00BF76ED /* ViewController.m in Sources */ = {isa = PBXBuildFile; fileRef = 96EA4B661B86E98F00BF76ED /* ViewController.m */; };
		96EA4B6A1B86E98F00BF76ED /* Main.storyboard in Resources */ = {isa = PBXBuildFile; fileRef = 96EA4B681B86E98F00BF76ED /* Main.storyboard */; };
		96EA4B6C1B86E98F00BF76ED /* Images.xcassets in Resources */ = {isa = PBXBuildFile; fileRef = 96EA4B6B1B86E98F00BF76ED /* Images.xcassets */; };
		96EA4B6F1B86E98F00BF76ED /* LaunchScreen.xib in Resources */ = {isa = PBXBuildFile; fileRef = 96EA4B6D1B86E98F00BF76ED /* LaunchScreen.xib */; };
		96EA4B7B1B86E98F00BF76ED /* UIKitDynamicsDemo2Tests.m in Sources */ = {isa = PBXBuildFile; fileRef = 96EA4B7A1B86E98F00BF76ED /* UIKitDynamicsDemo2Tests.m */; };
/* End PBXBuildFile section */

/* Begin PBXContainerItemProxy section */
		96EA4B751B86E98F00BF76ED /* PBXContainerItemProxy */ = {
			isa = PBXContainerItemProxy;
			containerPortal = 96EA4B531B86E98F00BF76ED /* Project object */;
			proxyType = 1;
			remoteGlobalIDString = 96EA4B5A1B86E98F00BF76ED;
			remoteInfo = UIKitDynamicsDemo2;
		};
/* End PBXContainerItemProxy section */

/* Begin PBXFileReference section */
		96EA4B5B1B86E98F00BF76ED /* UIKitDynamicsDemo2.app */ = {isa = PBXFileReference; explicitFileType = wrapper.application; includeInIndex = 0; path = UIKitDynamicsDemo2.app; sourceTree = BUILT_PRODUCTS_DIR; };
		96EA4B5F1B86E98F00BF76ED /* Info.plist */ = {isa = PBXFileReference; lastKnownFileType = text.plist.xml; path = Info.plist; sourceTree = "<group>"; };
		96EA4B601B86E98F00BF76ED /* main.m */ = {isa = PBXFileReference; lastKnownFileType = sourcecode.c.objc; path = main.m; sourceTree = "<group>"; };
		96EA4B621B86E98F00BF76ED /* AppDelegate.h */ = {isa = PBXFileReference; lastKnownFileType = sourcecode.c.h; path = AppDelegate.h; sourceTree = "<group>"; };
		96EA4B631B86E98F00BF76ED /* AppDelegate.m */ = {isa = PBXFileReference; lastKnownFileType = sourcecode.c.objc; path = AppDelegate.m; sourceTree = "<group>"; };
		96EA4B651B86E98F00BF76ED /* ViewController.h */ = {isa = PBXFileReference; lastKnownFileType = sourcecode.c.h; path = ViewController.h; sourceTree = "<group>"; };
		96EA4B661B86E98F00BF76ED /* ViewController.m */ = {isa = PBXFileReference; lastKnownFileType = sourcecode.c.objc; path = ViewController.m; sourceTree = "<group>"; };
		96EA4B691B86E98F00BF76ED /* Base */ = {isa = PBXFileReference; lastKnownFileType = file.storyboard; name = Base; path = Base.lproj/Main.storyboard; sourceTree = "<group>"; };
		96EA4B6B1B86E98F00BF76ED /* Images.xcassets */ = {isa = PBXFileReference; lastKnownFileType = folder.assetcatalog; path = Images.xcassets; sourceTree = "<group>"; };
		96EA4B6E1B86E98F00BF76ED /* Base */ = {isa = PBXFileReference; lastKnownFileType = file.xib; name = Base; path = Base.lproj/LaunchScreen.xib; sourceTree = "<group>"; };
		96EA4B741B86E98F00BF76ED /* UIKitDynamicsDemo2Tests.xctest */ = {isa = PBXFileReference; explicitFileType = wrapper.cfbundle; includeInIndex = 0; path = UIKitDynamicsDemo2Tests.xctest; sourceTree = BUILT_PRODUCTS_DIR; };
		96EA4B791B86E98F00BF76ED /* Info.plist */ = {isa = PBXFileReference; lastKnownFileType = text.plist.xml; path = Info.plist; sourceTree = "<group>"; };
		96EA4B7A1B86E98F00BF76ED /* UIKitDynamicsDemo2Tests.m */ = {isa = PBXFileReference; lastKnownFileType = sourcecode.c.objc; path = UIKitDynamicsDemo2Tests.m; sourceTree = "<group>"; };
/* End PBXFileReference section */

/* Begin PBXFrameworksBuildPhase section */
		96EA4B581B86E98F00BF76ED /* Frameworks */ = {
			isa = PBXFrameworksBuildPhase;
			buildActionMask = 2147483647;
			files = (
			);
			runOnlyForDeploymentPostprocessing = 0;
		};
		96EA4B711B86E98F00BF76ED /* Frameworks */ = {
			isa = PBXFrameworksBuildPhase;
			buildActionMask = 2147483647;
			files = (
			);
			runOnlyForDeploymentPostprocessing = 0;
		};
/* End PBXFrameworksBuildPhase section */

/* Begin PBXGroup section */
		96EA4B521B86E98F00BF76ED = {
			isa = PBXGroup;
			children = (
				96EA4B5D1B86E98F00BF76ED /* UIKitDynamicsDemo2 */,
				96EA4B771B86E98F00BF76ED /* UIKitDynamicsDemo2Tests */,
				96EA4B5C1B86E98F00BF76ED /* Products */,
			);
			sourceTree = "<group>";
		};
		96EA4B5C1B86E98F00BF76ED /* Products */ = {
			isa = PBXGroup;
			children = (
				96EA4B5B1B86E98F00BF76ED /* UIKitDynamicsDemo2.app */,
				96EA4B741B86E98F00BF76ED /* UIKitDynamicsDemo2Tests.xctest */,
			);
			name = Products;
			sourceTree = "<group>";
		};
		96EA4B5D1B86E98F00BF76ED /* UIKitDynamicsDemo2 */ = {
			isa = PBXGroup;
			children = (
				96EA4B621B86E98F00BF76ED /* AppDelegate.h */,
				96EA4B631B86E98F00BF76ED /* AppDelegate.m */,
				96EA4B651B86E98F00BF76ED /* ViewController.h */,
				96EA4B661B86E98F00BF76ED /* ViewController.m */,
				96EA4B681B86E98F00BF76ED /* Main.storyboard */,
				96EA4B6B1B86E98F00BF76ED /* Images.xcassets */,
				96EA4B6D1B86E98F00BF76ED /* LaunchScreen.xib */,
				96EA4B5E1B86E98F00BF76ED /* Supporting Files */,
			);
			path = UIKitDynamicsDemo2;
			sourceTree = "<group>";
		};
		96EA4B5E1B86E98F00BF76ED /* Supporting Files */ = {
			isa = PBXGroup;
			children = (
				96EA4B5F1B86E98F00BF76ED /* Info.plist */,
				96EA4B601B86E98F00BF76ED /* main.m */,
			);
			name = "Supporting Files";
			sourceTree = "<group>";
		};
		96EA4B771B86E98F00BF76ED /* UIKitDynamicsDemo2Tests */ = {
			isa = PBXGroup;
			children = (
				96EA4B7A1B86E98F00BF76ED /* UIKitDynamicsDemo2Tests.m */,
				96EA4B781B86E98F00BF76ED /* Supporting Files */,
			);
			path = UIKitDynamicsDemo2Tests;
			sourceTree = "<group>";
		};
		96EA4B781B86E98F00BF76ED /* Supporting Files */ = {
			isa = PBXGroup;
			children = (
				96EA4B791B86E98F00BF76ED /* Info.plist */,
			);
			name = "Supporting Files";
			sourceTree = "<group>";
		};
/* End PBXGroup section */

/* Begin PBXNativeTarget section */
		96EA4B5A1B86E98F00BF76ED /* UIKitDynamicsDemo2 */ = {
			isa = PBXNativeTarget;
			buildConfigurationList = 96EA4B7E1B86E98F00BF76ED /* Build configuration list for PBXNativeTarget "UIKitDynamicsDemo2" */;
			buildPhases = (
				96EA4B571B86E98F00BF76ED /* Sources */,
				96EA4B581B86E98F00BF76ED /* Frameworks */,
				96EA4B591B86E98F00BF76ED /* Resources */,
			);
			buildRules = (
			);
			dependencies = (
			);
			name = UIKitDynamicsDemo2;
			productName = UIKitDynamicsDemo2;
			productReference = 96EA4B5B1B86E98F00BF76ED /* UIKitDynamicsDemo2.app */;
			productType = "com.apple.product-type.application";
		};
		96EA4B731B86E98F00BF76ED /* UIKitDynamicsDemo2Tests */ = {
			isa = PBXNativeTarget;
			buildConfigurationList = 96EA4B811B86E98F00BF76ED /* Build configuration list for PBXNativeTarget "UIKitDynamicsDemo2Tests" */;
			buildPhases = (
				96EA4B701B86E98F00BF76ED /* Sources */,
				96EA4B711B86E98F00BF76ED /* Frameworks */,
				96EA4B721B86E98F00BF76ED /* Resources */,
			);
			buildRules = (
			);
			dependencies = (
				96EA4B761B86E98F00BF76ED /* PBXTargetDependency */,
			);
			name = UIKitDynamicsDemo2Tests;
			productName = UIKitDynamicsDemo2Tests;
			productReference = 96EA4B741B86E98F00BF76ED /* UIKitDynamicsDemo2Tests.xctest */;
			productType = "com.apple.product-type.bundle.unit-test";
		};
/* End PBXNativeTarget section */

/* Begin PBXProject section */
		96EA4B531B86E98F00BF76ED /* Project object */ = {
			isa = PBXProject;
			attributes = {
				LastUpgradeCheck = 0640;
				ORGANIZATIONNAME = "Serene IT";
				TargetAttributes = {
					96EA4B5A1B86E98F00BF76ED = {
						CreatedOnToolsVersion = 6.4;
					};
					96EA4B731B86E98F00BF76ED = {
						CreatedOnToolsVersion = 6.4;
						TestTargetID = 96EA4B5A1B86E98F00BF76ED;
					};
				};
			};
			buildConfigurationList = 96EA4B561B86E98F00BF76ED /* Build configuration list for PBXProject "UIKitDynamicsDemo2" */;
			compatibilityVersion = "Xcode 3.2";
			developmentRegion = English;
			hasScannedForEncodings = 0;
			knownRegions = (
				en,
				Base,
			);
			mainGroup = 96EA4B521B86E98F00BF76ED;
			productRefGroup = 96EA4B5C1B86E98F00BF76ED /* Products */;
			projectDirPath = "";
			projectRoot = "";
			targets = (
				96EA4B5A1B86E98F00BF76ED /* UIKitDynamicsDemo2 */,
				96EA4B731B86E98F00BF76ED /* UIKitDynamicsDemo2Tests */,
			);
		};
/* End PBXProject section */

/* Begin PBXResourcesBuildPhase section */
		96EA4B591B86E98F00BF76ED /* Resources */ = {
			isa = PBXResourcesBuildPhase;
			buildActionMask = 2147483647;
			files = (
				96EA4B6A1B86E98F00BF76ED /* Main.storyboard in Resources */,
				96EA4B6F1B86E98F00BF76ED /* LaunchScreen.xib in Resources */,
				96EA4B6C1B86E98F00BF76ED /* Images.xcassets in Resources */,
			);
			runOnlyForDeploymentPostprocessing = 0;
		};
		96EA4B721B86E98F00BF76ED /* Resources */ = {
			isa = PBXResourcesBuildPhase;
			buildActionMask = 2147483647;
			files = (
			);
			runOnlyForDeploymentPostprocessing = 0;
		};
/* End PBXResourcesBuildPhase section */

/* Begin PBXSourcesBuildPhase section */
		96EA4B571B86E98F00BF76ED /* Sources */ = {
			isa = PBXSourcesBuildPhase;
			buildActionMask = 2147483647;
			files = (
				96EA4B671B86E98F00BF76ED /* ViewController.m in Sources */,
				96EA4B641B86E98F00BF76ED /* AppDelegate.m in Sources */,
				96EA4B611B86E98F00BF76ED /* main.m in Sources */,
			);
			runOnlyForDeploymentPostprocessing = 0;
		};
		96EA4B701B86E98F00BF76ED /* Sources */ = {
			isa = PBXSourcesBuildPhase;
			buildActionMask = 2147483647;
			files = (
				96EA4B7B1B86E98F00BF76ED /* UIKitDynamicsDemo2Tests.m in Sources */,
			);
			runOnlyForDeploymentPostprocessing = 0;
		};
/* End PBXSourcesBuildPhase section */

/* Begin PBXTargetDependency section */
		96EA4B761B86E98F00BF76ED /* PBXTargetDependency */ = {
			isa = PBXTargetDependency;
			target = 96EA4B5A1B86E98F00BF76ED /* UIKitDynamicsDemo2 */;
			targetProxy = 96EA4B751B86E98F00BF76ED /* PBXContainerItemProxy */;
		};
/* End PBXTargetDependency section */

/* Begin PBXVariantGroup section */
		96EA4B681B86E98F00BF76ED /* Main.storyboard */ = {
			isa = PBXVariantGroup;
			children = (
				96EA4B691B86E98F00BF76ED /* Base */,
			);
			name = Main.storyboard;
			sourceTree = "<group>";
		};
		96EA4B6D1B86E98F00BF76ED /* LaunchScreen.xib */ = {
			isa = PBXVariantGroup;
			children = (
				96EA4B6E1B86E98F00BF76ED /* Base */,
			);
			name = LaunchScreen.xib;
			sourceTree = "<group>";
		};
/* End PBXVariantGroup section */

/* Begin XCBuildConfiguration section */
		96EA4B7C1B86E98F00BF76ED /* Debug */ = {
			isa = XCBuildConfiguration;
			buildSettings = {
				ALWAYS_SEARCH_USER_PATHS = NO;
				CLANG_CXX_LANGUAGE_STANDARD = "gnu++0x";
				CLANG_CXX_LIBRARY = "libc++";
				CLANG_ENABLE_MODULES = YES;
				CLANG_ENABLE_OBJC_ARC = YES;
				CLANG_WARN_BOOL_CONVERSION = YES;
				CLANG_WARN_CONSTANT_CONVERSION = YES;
				CLANG_WARN_DIRECT_OBJC_ISA_USAGE = YES_ERROR;
				CLANG_WARN_EMPTY_BODY = YES;
				CLANG_WARN_ENUM_CONVERSION = YES;
				CLANG_WARN_INT_CONVERSION = YES;
				CLANG_WARN_OBJC_ROOT_CLASS = YES_ERROR;
				CLANG_WARN_UNREACHABLE_CODE = YES;
				CLANG_WARN__DUPLICATE_METHOD_MATCH = YES;
				"CODE_SIGN_IDENTITY[sdk=iphoneos*]" = "iPhone Developer";
				COPY_PHASE_STRIP = NO;
				DEBUG_INFORMATION_FORMAT = "dwarf-with-dsym";
				ENABLE_STRICT_OBJC_MSGSEND = YES;
				GCC_C_LANGUAGE_STANDARD = gnu99;
				GCC_DYNAMIC_NO_PIC = NO;
				GCC_NO_COMMON_BLOCKS = YES;
				GCC_OPTIMIZATION_LEVEL = 0;
				GCC_PREPROCESSOR_DEFINITIONS = (
					"DEBUG=1",
					"$(inherited)",
				);
				GCC_SYMBOLS_PRIVATE_EXTERN = NO;
				GCC_WARN_64_TO_32_BIT_CONVERSION = YES;
				GCC_WARN_ABOUT_RETURN_TYPE = YES_ERROR;
				GCC_WARN_UNDECLARED_SELECTOR = YES;
				GCC_WARN_UNINITIALIZED_AUTOS = YES_AGGRESSIVE;
				GCC_WARN_UNUSED_FUNCTION = YES;
				GCC_WARN_UNUSED_VARIABLE = YES;
				IPHONEOS_DEPLOYMENT_TARGET = 8.4;
				MTL_ENABLE_DEBUG_INFO = YES;
				ONLY_ACTIVE_ARCH = YES;
				SDKROOT = iphoneos;
				TARGETED_DEVICE_FAMILY = "1,2";
			};
			name = Debug;
		};
		96EA4B7D1B86E98F00BF76ED /* Release */ = {
			isa = XCBuildConfiguration;
			buildSettings = {
				ALWAYS_SEARCH_USER_PATHS = NO;
				CLANG_CXX_LANGUAGE_STANDARD = "gnu++0x";
				CLANG_CXX_LIBRARY = "libc++";
				CLANG_ENABLE_MODULES = YES;
				CLANG_ENABLE_OBJC_ARC = YES;
				CLANG_WARN_BOOL_CONVERSION = YES;
				CLANG_WARN_CONSTANT_CONVERSION = YES;
				CLANG_WARN_DIRECT_OBJC_ISA_USAGE = YES_ERROR;
				CLANG_WARN_EMPTY_BODY = YES;
				CLANG_WARN_ENUM_CONVERSION = YES;
				CLANG_WARN_INT_CONVERSION = YES;
				CLANG_WARN_OBJC_ROOT_CLASS = YES_ERROR;
				CLANG_WARN_UNREACHABLE_CODE = YES;
				CLANG_WARN__DUPLICATE_METHOD_MATCH = YES;
				"CODE_SIGN_IDENTITY[sdk=iphoneos*]" = "iPhone Developer";
				COPY_PHASE_STRIP = NO;
				DEBUG_INFORMATION_FORMAT = "dwarf-with-dsym";
				ENABLE_NS_ASSERTIONS = NO;
				ENABLE_STRICT_OBJC_MSGSEND = YES;
				GCC_C_LANGUAGE_STANDARD = gnu99;
				GCC_NO_COMMON_BLOCKS = YES;
				GCC_WARN_64_TO_32_BIT_CONVERSION = YES;
				GCC_WARN_ABOUT_RETURN_TYPE = YES_ERROR;
				GCC_WARN_UNDECLARED_SELECTOR = YES;
				GCC_WARN_UNINITIALIZED_AUTOS = YES_AGGRESSIVE;
				GCC_WARN_UNUSED_FUNCTION = YES;
				GCC_WARN_UNUSED_VARIABLE = YES;
				IPHONEOS_DEPLOYMENT_TARGET = 8.4;
				MTL_ENABLE_DEBUG_INFO = NO;
				SDKROOT = iphoneos;
				TARGETED_DEVICE_FAMILY = "1,2";
				VALIDATE_PRODUCT = YES;
			};
			name = Release;
		};
		96EA4B7F1B86E98F00BF76ED /* Debug */ = {
			isa = XCBuildConfiguration;
			buildSettings = {
				ASSETCATALOG_COMPILER_APPICON_NAME = AppIcon;
				INFOPLIST_FILE = UIKitDynamicsDemo2/Info.plist;
				LD_RUNPATH_SEARCH_PATHS = "$(inherited) @executable_path/Frameworks";
				PRODUCT_NAME = "$(TARGET_NAME)";
			};
			name = Debug;
		};
		96EA4B801B86E98F00BF76ED /* Release */ = {
			isa = XCBuildConfiguration;
			buildSettings = {
				ASSETCATALOG_COMPILER_APPICON_NAME = AppIcon;
				INFOPLIST_FILE = UIKitDynamicsDemo2/Info.plist;
				LD_RUNPATH_SEARCH_PATHS = "$(inherited) @executable_path/Frameworks";
				PRODUCT_NAME = "$(TARGET_NAME)";
			};
			name = Release;
		};
		96EA4B821B86E98F00BF76ED /* Debug */ = {
			isa = XCBuildConfiguration;
			buildSettings = {
				BUNDLE_LOADER = "$(TEST_HOST)";
				FRAMEWORK_SEARCH_PATHS = (
					"$(SDKROOT)/Developer/Library/Frameworks",
					"$(inherited)",
				);
				GCC_PREPROCESSOR_DEFINITIONS = (
					"DEBUG=1",
					"$(inherited)",
				);
				INFOPLIST_FILE = UIKitDynamicsDemo2Tests/Info.plist;
				LD_RUNPATH_SEARCH_PATHS = "$(inherited) @executable_path/Frameworks @loader_path/Frameworks";
				PRODUCT_NAME = "$(TARGET_NAME)";
				TEST_HOST = "$(BUILT_PRODUCTS_DIR)/UIKitDynamicsDemo2.app/UIKitDynamicsDemo2";
			};
			name = Debug;
		};
		96EA4B831B86E98F00BF76ED /* Release */ = {
			isa = XCBuildConfiguration;
			buildSettings = {
				BUNDLE_LOADER = "$(TEST_HOST)";
				FRAMEWORK_SEARCH_PATHS = (
					"$(SDKROOT)/Developer/Library/Frameworks",
					"$(inherited)",
				);
				INFOPLIST_FILE = UIKitDynamicsDemo2Tests/Info.plist;
				LD_RUNPATH_SEARCH_PATHS = "$(inherited) @executable_path/Frameworks @loader_path/Frameworks";
				PRODUCT_NAME = "$(TARGET_NAME)";
				TEST_HOST = "$(BUILT_PRODUCTS_DIR)/UIKitDynamicsDemo2.app/UIKitDynamicsDemo2";
			};
			name = Release;
		};
/* End XCBuildConfiguration section */

/* Begin XCConfigurationList section */
		96EA4B561B86E98F00BF76ED /* Build configuration list for PBXProject "UIKitDynamicsDemo2" */ = {
			isa = XCConfigurationList;
			buildConfigurations = (
				96EA4B7C1B86E98F00BF76ED /* Debug */,
				96EA4B7D1B86E98F00BF76ED /* Release */,
			);
			defaultConfigurationIsVisible = 0;
			defaultConfigurationName = Release;
		};
		96EA4B7E1B86E98F00BF76ED /* Build configuration list for PBXNativeTarget "UIKitDynamicsDemo2" */ = {
			isa = XCConfigurationList;
			buildConfigurations = (
				96EA4B7F1B86E98F00BF76ED /* Debug */,
				96EA4B801B86E98F00BF76ED /* Release */,
			);
			defaultConfigurationIsVisible = 0;
		};
		96EA4B811B86E98F00BF76ED /* Build configuration list for PBXNativeTarget "UIKitDynamicsDemo2Tests" */ = {
			isa = XCConfigurationList;
			buildConfigurations = (
				96EA4B821B86E98F00BF76ED /* Debug */,
				96EA4B831B86E98F00BF76ED /* Release */,
			);
			defaultConfigurationIsVisible = 0;
		};
/* End XCConfigurationList section */
	};
	rootObject = 96EA4B531B86E98F00BF76ED /* Project object */;
}
